
Microsoft Visual Studio Solution File, Format Version 12.00
# Visual Studio Version 17
VisualStudioVersion = 17.5.33530.505
MinimumVisualStudioVersion = 10.0.40219.1
Project("{9A19103F-16F7-4668-BE54-9A1E7A4F7556}") = "Sales.Shared", "Sales.Shared\Sales.Shared.csproj", "{09B85F51-85D3-47E5-9A7E-F9207F5C98D6}"
EndProject
Project("{9A19103F-16F7-4668-BE54-9A1E7A4F7556}") = "Sales.API", "Sales.API\Sales.API.csproj", "{94BA4E98-9B0C-4586-B53B-6D0E4D8E3017}"
EndProject
Project("{9A19103F-16F7-4668-BE54-9A1E7A4F7556}") = "Sales.Mobile", "Sales.Mobile\Sales.Mobile.csproj", "{953BAB39-C9FF-477D-844C-37DD091367FF}"
EndProject
Project("{FAE04EC0-301F-11D3-BF4B-00C04F79EFBC}") = "Sales.Web", "Sales.Web\Sales.Web.csproj", "{7D51685F-166E-4F39-81C2-D0CC009340D1}"
EndProject
Global
	GlobalSection(SolutionConfigurationPlatforms) = preSolution
		Debug|Any CPU = Debug|Any CPU
		Release|Any CPU = Release|Any CPU
	EndGlobalSection
	GlobalSection(ProjectConfigurationPlatforms) = postSolution
		{09B85F51-85D3-47E5-9A7E-F9207F5C98D6}.Debug|Any CPU.ActiveCfg = Debug|Any CPU
		{09B85F51-85D3-47E5-9A7E-F9207F5C98D6}.Debug|Any CPU.Build.0 = Debug|Any CPU
		{09B85F51-85D3-47E5-9A7E-F9207F5C98D6}.Release|Any CPU.ActiveCfg = Release|Any CPU
		{09B85F51-85D3-47E5-9A7E-F9207F5C98D6}.Release|Any CPU.Build.0 = Release|Any CPU
		{94BA4E98-9B0C-4586-B53B-6D0E4D8E3017}.Debug|Any CPU.ActiveCfg = Debug|Any CPU
		{94BA4E98-9B0C-4586-B53B-6D0E4D8E3017}.Debug|Any CPU.Build.0 = Debug|Any CPU
		{94BA4E98-9B0C-4586-B53B-6D0E4D8E3017}.Release|Any CPU.ActiveCfg = Release|Any CPU
		{94BA4E98-9B0C-4586-B53B-6D0E4D8E3017}.Release|Any CPU.Build.0 = Release|Any CPU
		{953BAB39-C9FF-477D-844C-37DD091367FF}.Debug|Any CPU.ActiveCfg = Debug|Any CPU
		{953BAB39-C9FF-477D-844C-37DD091367FF}.Debug|Any CPU.Build.0 = Debug|Any CPU
		{953BAB39-C9FF-477D-844C-37DD091367FF}.Debug|Any CPU.Deploy.0 = Debug|Any CPU
		{953BAB39-C9FF-477D-844C-37DD091367FF}.Release|Any CPU.ActiveCfg = Release|Any CPU
		{953BAB39-C9FF-477D-844C-37DD091367FF}.Release|Any CPU.Build.0 = Release|Any CPU
		{953BAB39-C9FF-477D-844C-37DD091367FF}.Release|Any CPU.Deploy.0 = Release|Any CPU
		{7D51685F-166E-4F39-81C2-D0CC009340D1}.Debug|Any CPU.ActiveCfg = Debug|Any CPU
		{7D51685F-166E-4F39-81C2-D0CC009340D1}.Debug|Any CPU.Build.0 = Debug|Any CPU
		{7D51685F-166E-4F39-81C2-D0CC009340D1}.Release|Any CPU.ActiveCfg = Release|Any CPU
		{7D51685F-166E-4F39-81C2-D0CC009340D1}.Release|Any CPU.Build.0 = Release|Any CPU
	EndGlobalSection
	GlobalSection(SolutionProperties) = preSolution
		HideSolutionNode = FALSE
	EndGlobalSection
	GlobalSection(ExtensibilityGlobals) = postSolution
		SolutionGuid = {DCC148EF-ACBA-4C0D-9D00-660CEE48C566}
	EndGlobalSection
EndGlobal
